// !$*UTF8*$!
{
	archiveVersion = 1;
	classes = {
	};
	objectVersion = 46;
	objects = {

/* Begin PBXBuildFile section */
		2BC043CB19C4FFC300CA68B6 /* TableViewCell.swift in Sources */ = {isa = PBXBuildFile; fileRef = 2BC043CA19C4FFC300CA68B6 /* TableViewCell.swift */; };
		2BC043CD19C505FA00CA68B6 /* CenterTableViewCell.swift in Sources */ = {isa = PBXBuildFile; fileRef = 2BC043CC19C505FA00CA68B6 /* CenterTableViewCell.swift */; };
		2BCB04C619C4F466002CBDB6 /* AppDelegate.swift in Sources */ = {isa = PBXBuildFile; fileRef = 2BCB04C519C4F466002CBDB6 /* AppDelegate.swift */; };
		2BCB04C819C4F4DE002CBDB6 /* ExampleDrawerVisualStateManager.swift in Sources */ = {isa = PBXBuildFile; fileRef = 2BCB04C719C4F4DE002CBDB6 /* ExampleDrawerVisualStateManager.swift */; };
		2BCB04CC19C4F58F002CBDB6 /* DrawerBarButtonItem.swift in Sources */ = {isa = PBXBuildFile; fileRef = 2BCB04C919C4F58F002CBDB6 /* DrawerBarButtonItem.swift */; };
		2BCB04CD19C4F58F002CBDB6 /* DrawerController.swift in Sources */ = {isa = PBXBuildFile; fileRef = 2BCB04CA19C4F58F002CBDB6 /* DrawerController.swift */; };
		2BCB04CE19C4F58F002CBDB6 /* DrawerVisualState.swift in Sources */ = {isa = PBXBuildFile; fileRef = 2BCB04CB19C4F58F002CBDB6 /* DrawerVisualState.swift */; };
		2BCB04D019C4F814002CBDB6 /* ExampleViewController.swift in Sources */ = {isa = PBXBuildFile; fileRef = 2BCB04CF19C4F814002CBDB6 /* ExampleViewController.swift */; };
		2BCB04D419C4FB39002CBDB6 /* ExampleCenterTableViewController.swift in Sources */ = {isa = PBXBuildFile; fileRef = 2BCB04D319C4FB39002CBDB6 /* ExampleCenterTableViewController.swift */; };
		2BE66C7419C50BA0005EDC19 /* ExampleSideDrawerViewController.swift in Sources */ = {isa = PBXBuildFile; fileRef = 2BE66C7319C50BA0005EDC19 /* ExampleSideDrawerViewController.swift */; };
		2BE66C7619C50BD6005EDC19 /* ExampleLeftSideDrawerViewController.swift in Sources */ = {isa = PBXBuildFile; fileRef = 2BE66C7519C50BD6005EDC19 /* ExampleLeftSideDrawerViewController.swift */; };
		2BE66C7819C50BE8005EDC19 /* ExampleRightSideDrawerViewController.swift in Sources */ = {isa = PBXBuildFile; fileRef = 2BE66C7719C50BE8005EDC19 /* ExampleRightSideDrawerViewController.swift */; };
		2BE66C7A19C50C0B005EDC19 /* SideDrawerTableViewCell.swift in Sources */ = {isa = PBXBuildFile; fileRef = 2BE66C7919C50C0B005EDC19 /* SideDrawerTableViewCell.swift */; };
		2BE66C7C19C50C2C005EDC19 /* SideDrawerSectionHeaderView.swift in Sources */ = {isa = PBXBuildFile; fileRef = 2BE66C7B19C50C2C005EDC19 /* SideDrawerSectionHeaderView.swift */; };
		2BE66C7E19C50D87005EDC19 /* LaunchScreen.xib in Resources */ = {isa = PBXBuildFile; fileRef = 2BE66C7D19C50D87005EDC19 /* LaunchScreen.xib */; };
		A0BADE771A685475004E3F4B /* BuySpotViewController.swift in Sources */ = {isa = PBXBuildFile; fileRef = A0BADE761A685475004E3F4B /* BuySpotViewController.swift */; };
		A0BADE791A685526004E3F4B /* MapKit.framework in Frameworks */ = {isa = PBXBuildFile; fileRef = A0BADE781A685526004E3F4B /* MapKit.framework */; };
		A0BADE7F1A68565C004E3F4B /* Bolts.framework in Frameworks */ = {isa = PBXBuildFile; fileRef = A0BADE7A1A68565C004E3F4B /* Bolts.framework */; };
		A0BADE801A68565C004E3F4B /* Parse.framework in Frameworks */ = {isa = PBXBuildFile; fileRef = A0BADE7B1A68565C004E3F4B /* Parse.framework */; };
		A0BADE811A68565C004E3F4B /* ParseCrashReporting.framework in Frameworks */ = {isa = PBXBuildFile; fileRef = A0BADE7C1A68565C004E3F4B /* ParseCrashReporting.framework */; };
		A0BADE821A68565C004E3F4B /* ParseFacebookUtils.framework in Frameworks */ = {isa = PBXBuildFile; fileRef = A0BADE7D1A68565C004E3F4B /* ParseFacebookUtils.framework */; };
		A0BADE831A68565C004E3F4B /* ParseUI.framework in Frameworks */ = {isa = PBXBuildFile; fileRef = A0BADE7E1A68565C004E3F4B /* ParseUI.framework */; };
		A0BADE901A6856D4004E3F4B /* AudioToolbox.framework in Frameworks */ = {isa = PBXBuildFile; fileRef = A0BADE841A6856D4004E3F4B /* AudioToolbox.framework */; };
		A0BADE911A6856D4004E3F4B /* CFNetwork.framework in Frameworks */ = {isa = PBXBuildFile; fileRef = A0BADE851A6856D4004E3F4B /* CFNetwork.framework */; };
		A0BADE921A6856D4004E3F4B /* CoreGraphics.framework in Frameworks */ = {isa = PBXBuildFile; fileRef = A0BADE861A6856D4004E3F4B /* CoreGraphics.framework */; };
		A0BADE931A6856D4004E3F4B /* CoreLocation.framework in Frameworks */ = {isa = PBXBuildFile; fileRef = A0BADE871A6856D4004E3F4B /* CoreLocation.framework */; };
		A0BADE941A6856D4004E3F4B /* libsqlite3.dylib in Frameworks */ = {isa = PBXBuildFile; fileRef = A0BADE881A6856D4004E3F4B /* libsqlite3.dylib */; };
		A0BADE951A6856D4004E3F4B /* libz.dylib in Frameworks */ = {isa = PBXBuildFile; fileRef = A0BADE891A6856D4004E3F4B /* libz.dylib */; };
		A0BADE961A6856D4004E3F4B /* MobileCoreServices.framework in Frameworks */ = {isa = PBXBuildFile; fileRef = A0BADE8A1A6856D4004E3F4B /* MobileCoreServices.framework */; };
		A0BADE971A6856D4004E3F4B /* QuartzCore.framework in Frameworks */ = {isa = PBXBuildFile; fileRef = A0BADE8B1A6856D4004E3F4B /* QuartzCore.framework */; };
		A0BADE981A6856D4004E3F4B /* Security.framework in Frameworks */ = {isa = PBXBuildFile; fileRef = A0BADE8C1A6856D4004E3F4B /* Security.framework */; };
		A0BADE991A6856D4004E3F4B /* Social.framework in Frameworks */ = {isa = PBXBuildFile; fileRef = A0BADE8D1A6856D4004E3F4B /* Social.framework */; };
		A0BADE9A1A6856D4004E3F4B /* StoreKit.framework in Frameworks */ = {isa = PBXBuildFile; fileRef = A0BADE8E1A6856D4004E3F4B /* StoreKit.framework */; };
		A0BADE9B1A6856D4004E3F4B /* SystemConfiguration.framework in Frameworks */ = {isa = PBXBuildFile; fileRef = A0BADE8F1A6856D4004E3F4B /* SystemConfiguration.framework */; };
		A0BADE9E1A68593A004E3F4B /* LotAnnotation.swift in Sources */ = {isa = PBXBuildFile; fileRef = A0BADE9D1A68593A004E3F4B /* LotAnnotation.swift */; };
		A0BADEA01A6865AC004E3F4B /* redPin.png in Resources */ = {isa = PBXBuildFile; fileRef = A0BADE9F1A6865AC004E3F4B /* redPin.png */; };
		A0BADEA21A695AF3004E3F4B /* LeftNavigationViewController.swift in Sources */ = {isa = PBXBuildFile; fileRef = A0BADEA11A695AF3004E3F4B /* LeftNavigationViewController.swift */; };
		A0BADEAD1A69AC43004E3F4B /* SellSpotViewController.swift in Sources */ = {isa = PBXBuildFile; fileRef = A0BADEAC1A69AC43004E3F4B /* SellSpotViewController.swift */; };
		A0BADEAF1A69B24B004E3F4B /* Accounts.framework in Frameworks */ = {isa = PBXBuildFile; fileRef = A0BADEAE1A69B24B004E3F4B /* Accounts.framework */; };
		A0C8DBB91A6F1BAD00590055 /* AccountViewController.swift in Sources */ = {isa = PBXBuildFile; fileRef = A0C8DBB81A6F1BAD00590055 /* AccountViewController.swift */; };
		A0C8DBC51A7087AB00590055 /* AddLotViewController.swift in Sources */ = {isa = PBXBuildFile; fileRef = A0C8DBC41A7087AB00590055 /* AddLotViewController.swift */; };
		A0C8DBC71A72A4BF00590055 /* AddLot.xib in Resources */ = {isa = PBXBuildFile; fileRef = A0C8DBC61A72A4BF00590055 /* AddLot.xib */; };
		A0C8DBCA1A72A72A00590055 /* AddLotWithXIBViewController.swift in Sources */ = {isa = PBXBuildFile; fileRef = A0C8DBC81A72A72A00590055 /* AddLotWithXIBViewController.swift */; };
		A0C8DBCB1A72A72A00590055 /* AddLotWithXIBViewController.xib in Resources */ = {isa = PBXBuildFile; fileRef = A0C8DBC91A72A72A00590055 /* AddLotWithXIBViewController.xib */; };
		A0C8DBCD1A72FF4500590055 /* Storyboard.storyboard in Resources */ = {isa = PBXBuildFile; fileRef = A0C8DBCC1A72FF4500590055 /* Storyboard.storyboard */; };
		F5B300F119C7910B00F04614 /* AnimatedMenuButton.swift in Sources */ = {isa = PBXBuildFile; fileRef = F5B300F019C7910B00F04614 /* AnimatedMenuButton.swift */; };
/* End PBXBuildFile section */

/* Begin PBXFileReference section */
		2BC043CA19C4FFC300CA68B6 /* TableViewCell.swift */ = {isa = PBXFileReference; fileEncoding = 4; lastKnownFileType = sourcecode.swift; path = TableViewCell.swift; sourceTree = "<group>"; };
		2BC043CC19C505FA00CA68B6 /* CenterTableViewCell.swift */ = {isa = PBXFileReference; fileEncoding = 4; lastKnownFileType = sourcecode.swift; path = CenterTableViewCell.swift; sourceTree = "<group>"; };
		2BCB049A19C4F334002CBDB6 /* LotLizard.app */ = {isa = PBXFileReference; explicitFileType = wrapper.application; includeInIndex = 0; path = LotLizard.app; sourceTree = BUILT_PRODUCTS_DIR; };
		2BCB049E19C4F334002CBDB6 /* Info.plist */ = {isa = PBXFileReference; lastKnownFileType = text.plist.xml; path = Info.plist; sourceTree = "<group>"; };
		2BCB04C519C4F466002CBDB6 /* AppDelegate.swift */ = {isa = PBXFileReference; fileEncoding = 4; lastKnownFileType = sourcecode.swift; path = AppDelegate.swift; sourceTree = "<group>"; };
		2BCB04C719C4F4DE002CBDB6 /* ExampleDrawerVisualStateManager.swift */ = {isa = PBXFileReference; fileEncoding = 4; lastKnownFileType = sourcecode.swift; path = ExampleDrawerVisualStateManager.swift; sourceTree = "<group>"; };
		2BCB04C919C4F58F002CBDB6 /* DrawerBarButtonItem.swift */ = {isa = PBXFileReference; fileEncoding = 4; lastKnownFileType = sourcecode.swift; path = DrawerBarButtonItem.swift; sourceTree = "<group>"; };
		2BCB04CA19C4F58F002CBDB6 /* DrawerController.swift */ = {isa = PBXFileReference; fileEncoding = 4; lastKnownFileType = sourcecode.swift; lineEnding = 0; path = DrawerController.swift; sourceTree = "<group>"; xcLanguageSpecificationIdentifier = xcode.lang.swift; };
		2BCB04CB19C4F58F002CBDB6 /* DrawerVisualState.swift */ = {isa = PBXFileReference; fileEncoding = 4; lastKnownFileType = sourcecode.swift; path = DrawerVisualState.swift; sourceTree = "<group>"; };
		2BCB04CF19C4F814002CBDB6 /* ExampleViewController.swift */ = {isa = PBXFileReference; fileEncoding = 4; lastKnownFileType = sourcecode.swift; path = ExampleViewController.swift; sourceTree = "<group>"; };
		2BCB04D319C4FB39002CBDB6 /* ExampleCenterTableViewController.swift */ = {isa = PBXFileReference; fileEncoding = 4; lastKnownFileType = sourcecode.swift; lineEnding = 0; path = ExampleCenterTableViewController.swift; sourceTree = "<group>"; xcLanguageSpecificationIdentifier = xcode.lang.swift; };
		2BE66C7319C50BA0005EDC19 /* ExampleSideDrawerViewController.swift */ = {isa = PBXFileReference; fileEncoding = 4; lastKnownFileType = sourcecode.swift; lineEnding = 0; path = ExampleSideDrawerViewController.swift; sourceTree = "<group>"; xcLanguageSpecificationIdentifier = xcode.lang.swift; };
		2BE66C7519C50BD6005EDC19 /* ExampleLeftSideDrawerViewController.swift */ = {isa = PBXFileReference; fileEncoding = 4; lastKnownFileType = sourcecode.swift; lineEnding = 0; path = ExampleLeftSideDrawerViewController.swift; sourceTree = "<group>"; xcLanguageSpecificationIdentifier = xcode.lang.swift; };
		2BE66C7719C50BE8005EDC19 /* ExampleRightSideDrawerViewController.swift */ = {isa = PBXFileReference; fileEncoding = 4; lastKnownFileType = sourcecode.swift; path = ExampleRightSideDrawerViewController.swift; sourceTree = "<group>"; };
		2BE66C7919C50C0B005EDC19 /* SideDrawerTableViewCell.swift */ = {isa = PBXFileReference; fileEncoding = 4; lastKnownFileType = sourcecode.swift; path = SideDrawerTableViewCell.swift; sourceTree = "<group>"; };
		2BE66C7B19C50C2C005EDC19 /* SideDrawerSectionHeaderView.swift */ = {isa = PBXFileReference; fileEncoding = 4; lastKnownFileType = sourcecode.swift; path = SideDrawerSectionHeaderView.swift; sourceTree = "<group>"; };
		2BE66C7D19C50D87005EDC19 /* LaunchScreen.xib */ = {isa = PBXFileReference; fileEncoding = 4; lastKnownFileType = file.xib; path = LaunchScreen.xib; sourceTree = "<group>"; };
		A0BADE761A685475004E3F4B /* BuySpotViewController.swift */ = {isa = PBXFileReference; fileEncoding = 4; lastKnownFileType = sourcecode.swift; path = BuySpotViewController.swift; sourceTree = "<group>"; };
		A0BADE781A685526004E3F4B /* MapKit.framework */ = {isa = PBXFileReference; lastKnownFileType = wrapper.framework; name = MapKit.framework; path = System/Library/Frameworks/MapKit.framework; sourceTree = SDKROOT; };
		A0BADE7A1A68565C004E3F4B /* Bolts.framework */ = {isa = PBXFileReference; lastKnownFileType = wrapper.framework; path = Bolts.framework; sourceTree = "<group>"; };
		A0BADE7B1A68565C004E3F4B /* Parse.framework */ = {isa = PBXFileReference; lastKnownFileType = wrapper.framework; path = Parse.framework; sourceTree = "<group>"; };
		A0BADE7C1A68565C004E3F4B /* ParseCrashReporting.framework */ = {isa = PBXFileReference; lastKnownFileType = wrapper.framework; path = ParseCrashReporting.framework; sourceTree = "<group>"; };
		A0BADE7D1A68565C004E3F4B /* ParseFacebookUtils.framework */ = {isa = PBXFileReference; lastKnownFileType = wrapper.framework; path = ParseFacebookUtils.framework; sourceTree = "<group>"; };
		A0BADE7E1A68565C004E3F4B /* ParseUI.framework */ = {isa = PBXFileReference; lastKnownFileType = wrapper.framework; path = ParseUI.framework; sourceTree = "<group>"; };
		A0BADE841A6856D4004E3F4B /* AudioToolbox.framework */ = {isa = PBXFileReference; lastKnownFileType = wrapper.framework; name = AudioToolbox.framework; path = System/Library/Frameworks/AudioToolbox.framework; sourceTree = SDKROOT; };
		A0BADE851A6856D4004E3F4B /* CFNetwork.framework */ = {isa = PBXFileReference; lastKnownFileType = wrapper.framework; name = CFNetwork.framework; path = System/Library/Frameworks/CFNetwork.framework; sourceTree = SDKROOT; };
		A0BADE861A6856D4004E3F4B /* CoreGraphics.framework */ = {isa = PBXFileReference; lastKnownFileType = wrapper.framework; name = CoreGraphics.framework; path = System/Library/Frameworks/CoreGraphics.framework; sourceTree = SDKROOT; };
		A0BADE871A6856D4004E3F4B /* CoreLocation.framework */ = {isa = PBXFileReference; lastKnownFileType = wrapper.framework; name = CoreLocation.framework; path = System/Library/Frameworks/CoreLocation.framework; sourceTree = SDKROOT; };
		A0BADE881A6856D4004E3F4B /* libsqlite3.dylib */ = {isa = PBXFileReference; lastKnownFileType = "compiled.mach-o.dylib"; name = libsqlite3.dylib; path = usr/lib/libsqlite3.dylib; sourceTree = SDKROOT; };
		A0BADE891A6856D4004E3F4B /* libz.dylib */ = {isa = PBXFileReference; lastKnownFileType = "compiled.mach-o.dylib"; name = libz.dylib; path = usr/lib/libz.dylib; sourceTree = SDKROOT; };
		A0BADE8A1A6856D4004E3F4B /* MobileCoreServices.framework */ = {isa = PBXFileReference; lastKnownFileType = wrapper.framework; name = MobileCoreServices.framework; path = System/Library/Frameworks/MobileCoreServices.framework; sourceTree = SDKROOT; };
		A0BADE8B1A6856D4004E3F4B /* QuartzCore.framework */ = {isa = PBXFileReference; lastKnownFileType = wrapper.framework; name = QuartzCore.framework; path = System/Library/Frameworks/QuartzCore.framework; sourceTree = SDKROOT; };
		A0BADE8C1A6856D4004E3F4B /* Security.framework */ = {isa = PBXFileReference; lastKnownFileType = wrapper.framework; name = Security.framework; path = System/Library/Frameworks/Security.framework; sourceTree = SDKROOT; };
		A0BADE8D1A6856D4004E3F4B /* Social.framework */ = {isa = PBXFileReference; lastKnownFileType = wrapper.framework; name = Social.framework; path = System/Library/Frameworks/Social.framework; sourceTree = SDKROOT; };
		A0BADE8E1A6856D4004E3F4B /* StoreKit.framework */ = {isa = PBXFileReference; lastKnownFileType = wrapper.framework; name = StoreKit.framework; path = System/Library/Frameworks/StoreKit.framework; sourceTree = SDKROOT; };
		A0BADE8F1A6856D4004E3F4B /* SystemConfiguration.framework */ = {isa = PBXFileReference; lastKnownFileType = wrapper.framework; name = SystemConfiguration.framework; path = System/Library/Frameworks/SystemConfiguration.framework; sourceTree = SDKROOT; };
		A0BADE9D1A68593A004E3F4B /* LotAnnotation.swift */ = {isa = PBXFileReference; fileEncoding = 4; lastKnownFileType = sourcecode.swift; path = LotAnnotation.swift; sourceTree = "<group>"; };
		A0BADE9F1A6865AC004E3F4B /* redPin.png */ = {isa = PBXFileReference; lastKnownFileType = image.png; path = redPin.png; sourceTree = "<group>"; };
		A0BADEA11A695AF3004E3F4B /* LeftNavigationViewController.swift */ = {isa = PBXFileReference; fileEncoding = 4; lastKnownFileType = sourcecode.swift; path = LeftNavigationViewController.swift; sourceTree = "<group>"; };
		A0BADEAC1A69AC43004E3F4B /* SellSpotViewController.swift */ = {isa = PBXFileReference; fileEncoding = 4; lastKnownFileType = sourcecode.swift; path = SellSpotViewController.swift; sourceTree = "<group>"; };
		A0BADEAE1A69B24B004E3F4B /* Accounts.framework */ = {isa = PBXFileReference; lastKnownFileType = wrapper.framework; name = Accounts.framework; path = System/Library/Frameworks/Accounts.framework; sourceTree = SDKROOT; };
		A0C8DBB81A6F1BAD00590055 /* AccountViewController.swift */ = {isa = PBXFileReference; fileEncoding = 4; lastKnownFileType = sourcecode.swift; path = AccountViewController.swift; sourceTree = "<group>"; };
		A0C8DBC41A7087AB00590055 /* AddLotViewController.swift */ = {isa = PBXFileReference; fileEncoding = 4; lastKnownFileType = sourcecode.swift; path = AddLotViewController.swift; sourceTree = "<group>"; };
		A0C8DBC61A72A4BF00590055 /* AddLot.xib */ = {isa = PBXFileReference; fileEncoding = 4; lastKnownFileType = file.xib; path = AddLot.xib; sourceTree = "<group>"; };
		A0C8DBC81A72A72A00590055 /* AddLotWithXIBViewController.swift */ = {isa = PBXFileReference; fileEncoding = 4; lastKnownFileType = sourcecode.swift; path = AddLotWithXIBViewController.swift; sourceTree = "<group>"; };
		A0C8DBC91A72A72A00590055 /* AddLotWithXIBViewController.xib */ = {isa = PBXFileReference; fileEncoding = 4; lastKnownFileType = file.xib; path = AddLotWithXIBViewController.xib; sourceTree = "<group>"; };
		A0C8DBCC1A72FF4500590055 /* Storyboard.storyboard */ = {isa = PBXFileReference; fileEncoding = 4; lastKnownFileType = file.storyboard; path = Storyboard.storyboard; sourceTree = "<group>"; };
		F5B300F019C7910B00F04614 /* AnimatedMenuButton.swift */ = {isa = PBXFileReference; fileEncoding = 4; lastKnownFileType = sourcecode.swift; path = AnimatedMenuButton.swift; sourceTree = "<group>"; };
/* End PBXFileReference section */

/* Begin PBXFrameworksBuildPhase section */
		2BCB049719C4F334002CBDB6 /* Frameworks */ = {
			isa = PBXFrameworksBuildPhase;
			buildActionMask = 2147483647;
			files = (
				A0BADEAF1A69B24B004E3F4B /* Accounts.framework in Frameworks */,
				A0BADE901A6856D4004E3F4B /* AudioToolbox.framework in Frameworks */,
				A0BADE911A6856D4004E3F4B /* CFNetwork.framework in Frameworks */,
				A0BADE921A6856D4004E3F4B /* CoreGraphics.framework in Frameworks */,
				A0BADE931A6856D4004E3F4B /* CoreLocation.framework in Frameworks */,
				A0BADE941A6856D4004E3F4B /* libsqlite3.dylib in Frameworks */,
				A0BADE951A6856D4004E3F4B /* libz.dylib in Frameworks */,
				A0BADE961A6856D4004E3F4B /* MobileCoreServices.framework in Frameworks */,
				A0BADE971A6856D4004E3F4B /* QuartzCore.framework in Frameworks */,
				A0BADE981A6856D4004E3F4B /* Security.framework in Frameworks */,
				A0BADE991A6856D4004E3F4B /* Social.framework in Frameworks */,
				A0BADE9A1A6856D4004E3F4B /* StoreKit.framework in Frameworks */,
				A0BADE9B1A6856D4004E3F4B /* SystemConfiguration.framework in Frameworks */,
				A0BADE831A68565C004E3F4B /* ParseUI.framework in Frameworks */,
				A0BADE791A685526004E3F4B /* MapKit.framework in Frameworks */,
				A0BADE801A68565C004E3F4B /* Parse.framework in Frameworks */,
				A0BADE7F1A68565C004E3F4B /* Bolts.framework in Frameworks */,
				A0BADE821A68565C004E3F4B /* ParseFacebookUtils.framework in Frameworks */,
				A0BADE811A68565C004E3F4B /* ParseCrashReporting.framework in Frameworks */,
			);
			runOnlyForDeploymentPostprocessing = 0;
		};
/* End PBXFrameworksBuildPhase section */

/* Begin PBXGroup section */
		2BCB049119C4F334002CBDB6 = {
			isa = PBXGroup;
			children = (
				A0BADEAE1A69B24B004E3F4B /* Accounts.framework */,
				A0BADE841A6856D4004E3F4B /* AudioToolbox.framework */,
				A0BADE851A6856D4004E3F4B /* CFNetwork.framework */,
				A0BADE861A6856D4004E3F4B /* CoreGraphics.framework */,
				A0BADE871A6856D4004E3F4B /* CoreLocation.framework */,
				A0BADE881A6856D4004E3F4B /* libsqlite3.dylib */,
				A0BADE891A6856D4004E3F4B /* libz.dylib */,
				A0BADE8A1A6856D4004E3F4B /* MobileCoreServices.framework */,
				A0BADE8B1A6856D4004E3F4B /* QuartzCore.framework */,
				A0BADE8C1A6856D4004E3F4B /* Security.framework */,
				A0BADE8D1A6856D4004E3F4B /* Social.framework */,
				A0BADE8E1A6856D4004E3F4B /* StoreKit.framework */,
				A0BADE8F1A6856D4004E3F4B /* SystemConfiguration.framework */,
				A0BADE781A685526004E3F4B /* MapKit.framework */,
				2BCB04BF19C4F3BD002CBDB6 /* DrawerController */,
				2BCB049C19C4F334002CBDB6 /* ExampleFiles */,
				2BCB049B19C4F334002CBDB6 /* Products */,
				A0BADE7A1A68565C004E3F4B /* Bolts.framework */,
				A0BADE7B1A68565C004E3F4B /* Parse.framework */,
				A0BADE7C1A68565C004E3F4B /* ParseCrashReporting.framework */,
				A0BADE7D1A68565C004E3F4B /* ParseFacebookUtils.framework */,
				A0BADE7E1A68565C004E3F4B /* ParseUI.framework */,
			);
			sourceTree = "<group>";
		};
		2BCB049B19C4F334002CBDB6 /* Products */ = {
			isa = PBXGroup;
			children = (
				2BCB049A19C4F334002CBDB6 /* LotLizard.app */,
			);
			name = Products;
			sourceTree = "<group>";
		};
		2BCB049C19C4F334002CBDB6 /* ExampleFiles */ = {
			isa = PBXGroup;
			children = (
				2BCB04C519C4F466002CBDB6 /* AppDelegate.swift */,
				A0BADEA71A696552004E3F4B /* Ty's Customs */,
				2BCB04C019C4F3C7002CBDB6 /* VisualStateManager */,
				2BCB04C219C4F3CF002CBDB6 /* ViewControllers */,
				2BCB04C319C4F3D2002CBDB6 /* TableViewHelpers */,
				2BCB049D19C4F334002CBDB6 /* Supporting Files */,
			);
			path = ExampleFiles;
			sourceTree = "<group>";
		};
		2BCB049D19C4F334002CBDB6 /* Supporting Files */ = {
			isa = PBXGroup;
			children = (
				2BCB049E19C4F334002CBDB6 /* Info.plist */,
				2BE66C7D19C50D87005EDC19 /* LaunchScreen.xib */,
			);
			name = "Supporting Files";
			sourceTree = "<group>";
		};
		2BCB04BF19C4F3BD002CBDB6 /* DrawerController */ = {
			isa = PBXGroup;
			children = (
				F5B300F019C7910B00F04614 /* AnimatedMenuButton.swift */,
				2BCB04C919C4F58F002CBDB6 /* DrawerBarButtonItem.swift */,
				2BCB04CA19C4F58F002CBDB6 /* DrawerController.swift */,
				2BCB04CB19C4F58F002CBDB6 /* DrawerVisualState.swift */,
			);
			name = DrawerController;
			path = ../DrawerController;
			sourceTree = "<group>";
		};
		2BCB04C019C4F3C7002CBDB6 /* VisualStateManager */ = {
			isa = PBXGroup;
			children = (
				2BCB04C719C4F4DE002CBDB6 /* ExampleDrawerVisualStateManager.swift */,
			);
			path = VisualStateManager;
			sourceTree = "<group>";
		};
		2BCB04C219C4F3CF002CBDB6 /* ViewControllers */ = {
			isa = PBXGroup;
			children = (
				2BCB04CF19C4F814002CBDB6 /* ExampleViewController.swift */,
				2BCB04D319C4FB39002CBDB6 /* ExampleCenterTableViewController.swift */,
				2BE66C7319C50BA0005EDC19 /* ExampleSideDrawerViewController.swift */,
				2BE66C7519C50BD6005EDC19 /* ExampleLeftSideDrawerViewController.swift */,
				2BE66C7719C50BE8005EDC19 /* ExampleRightSideDrawerViewController.swift */,
			);
			path = ViewControllers;
			sourceTree = "<group>";
		};
		2BCB04C319C4F3D2002CBDB6 /* TableViewHelpers */ = {
			isa = PBXGroup;
			children = (
				2BC043CA19C4FFC300CA68B6 /* TableViewCell.swift */,
				2BE66C7919C50C0B005EDC19 /* SideDrawerTableViewCell.swift */,
				2BC043CC19C505FA00CA68B6 /* CenterTableViewCell.swift */,
				2BE66C7B19C50C2C005EDC19 /* SideDrawerSectionHeaderView.swift */,
			);
			path = TableViewHelpers;
			sourceTree = "<group>";
		};
		A0BADEA71A696552004E3F4B /* Ty's Customs */ = {
			isa = PBXGroup;
			children = (
				A0BADEA11A695AF3004E3F4B /* LeftNavigationViewController.swift */,
				A0C8DBC61A72A4BF00590055 /* AddLot.xib */,
				A0C8DBB81A6F1BAD00590055 /* AccountViewController.swift */,
				A0BADE761A685475004E3F4B /* BuySpotViewController.swift */,
				A0BADEAC1A69AC43004E3F4B /* SellSpotViewController.swift */,
				A0C8DBC41A7087AB00590055 /* AddLotViewController.swift */,
				A0C8DBC81A72A72A00590055 /* AddLotWithXIBViewController.swift */,
				A0C8DBC91A72A72A00590055 /* AddLotWithXIBViewController.xib */,
				A0C8DBCC1A72FF4500590055 /* Storyboard.storyboard */,
				A0BADE9F1A6865AC004E3F4B /* redPin.png */,
				A0BADE9D1A68593A004E3F4B /* LotAnnotation.swift */,
			);
			name = "Ty's Customs";
			path = ViewControllers;
			sourceTree = "<group>";
		};
/* End PBXGroup section */

/* Begin PBXNativeTarget section */
		2BCB049919C4F334002CBDB6 /* LotLizard */ = {
			isa = PBXNativeTarget;
			buildConfigurationList = 2BCB04B919C4F334002CBDB6 /* Build configuration list for PBXNativeTarget "LotLizard" */;
			buildPhases = (
				2BCB049619C4F334002CBDB6 /* Sources */,
				2BCB049719C4F334002CBDB6 /* Frameworks */,
				2BCB049819C4F334002CBDB6 /* Resources */,
			);
			buildRules = (
			);
			dependencies = (
			);
			name = LotLizard;
			productName = DrawerControllerKitchenSink;
			productReference = 2BCB049A19C4F334002CBDB6 /* LotLizard.app */;
			productType = "com.apple.product-type.application";
		};
/* End PBXNativeTarget section */

/* Begin PBXProject section */
		2BCB049219C4F334002CBDB6 /* Project object */ = {
			isa = PBXProject;
			attributes = {
				LastUpgradeCheck = 0600;
				ORGANIZATIONNAME = evolved.io;
				TargetAttributes = {
					2BCB049919C4F334002CBDB6 = {
						CreatedOnToolsVersion = 6.0;
						SystemCapabilities = {
							com.apple.Maps.iOS = {
								enabled = 1;
							};
						};
					};
				};
			};
			buildConfigurationList = 2BCB049519C4F334002CBDB6 /* Build configuration list for PBXProject "LotLizard" */;
			compatibilityVersion = "Xcode 3.2";
			developmentRegion = English;
			hasScannedForEncodings = 0;
			knownRegions = (
				en,
				Base,
			);
			mainGroup = 2BCB049119C4F334002CBDB6;
			productRefGroup = 2BCB049B19C4F334002CBDB6 /* Products */;
			projectDirPath = "";
			projectRoot = "";
			targets = (
				2BCB049919C4F334002CBDB6 /* LotLizard */,
			);
		};
/* End PBXProject section */

/* Begin PBXResourcesBuildPhase section */
		2BCB049819C4F334002CBDB6 /* Resources */ = {
			isa = PBXResourcesBuildPhase;
			buildActionMask = 2147483647;
			files = (
				2BE66C7E19C50D87005EDC19 /* LaunchScreen.xib in Resources */,
				A0C8DBC71A72A4BF00590055 /* AddLot.xib in Resources */,
				A0C8DBCB1A72A72A00590055 /* AddLotWithXIBViewController.xib in Resources */,
				A0BADEA01A6865AC004E3F4B /* redPin.png in Resources */,
				A0C8DBCD1A72FF4500590055 /* Storyboard.storyboard in Resources */,
			);
			runOnlyForDeploymentPostprocessing = 0;
		};
/* End PBXResourcesBuildPhase section */

/* Begin PBXSourcesBuildPhase section */
		2BCB049619C4F334002CBDB6 /* Sources */ = {
			isa = PBXSourcesBuildPhase;
			buildActionMask = 2147483647;
			files = (
				2BE66C7419C50BA0005EDC19 /* ExampleSideDrawerViewController.swift in Sources */,
				2BE66C7A19C50C0B005EDC19 /* SideDrawerTableViewCell.swift in Sources */,
				A0C8DBCA1A72A72A00590055 /* AddLotWithXIBViewController.swift in Sources */,
				2BCB04C619C4F466002CBDB6 /* AppDelegate.swift in Sources */,
				2BE66C7819C50BE8005EDC19 /* ExampleRightSideDrawerViewController.swift in Sources */,
				A0BADE9E1A68593A004E3F4B /* LotAnnotation.swift in Sources */,
				2BCB04CE19C4F58F002CBDB6 /* DrawerVisualState.swift in Sources */,
				A0C8DBB91A6F1BAD00590055 /* AccountViewController.swift in Sources */,
				2BCB04CC19C4F58F002CBDB6 /* DrawerBarButtonItem.swift in Sources */,
				2BE66C7619C50BD6005EDC19 /* ExampleLeftSideDrawerViewController.swift in Sources */,
				2BC043CB19C4FFC300CA68B6 /* TableViewCell.swift in Sources */,
				2BCB04CD19C4F58F002CBDB6 /* DrawerController.swift in Sources */,
				2BE66C7C19C50C2C005EDC19 /* SideDrawerSectionHeaderView.swift in Sources */,
				A0BADEAD1A69AC43004E3F4B /* SellSpotViewController.swift in Sources */,
				A0C8DBC51A7087AB00590055 /* AddLotViewController.swift in Sources */,
				2BCB04C819C4F4DE002CBDB6 /* ExampleDrawerVisualStateManager.swift in Sources */,
				A0BADE771A685475004E3F4B /* BuySpotViewController.swift in Sources */,
				2BC043CD19C505FA00CA68B6 /* CenterTableViewCell.swift in Sources */,
				F5B300F119C7910B00F04614 /* AnimatedMenuButton.swift in Sources */,
				2BCB04D419C4FB39002CBDB6 /* ExampleCenterTableViewController.swift in Sources */,
				2BCB04D019C4F814002CBDB6 /* ExampleViewController.swift in Sources */,
				A0BADEA21A695AF3004E3F4B /* LeftNavigationViewController.swift in Sources */,
			);
			runOnlyForDeploymentPostprocessing = 0;
		};
/* End PBXSourcesBuildPhase section */

/* Begin XCBuildConfiguration section */
		2BCB04B719C4F334002CBDB6 /* Debug */ = {
			isa = XCBuildConfiguration;
			buildSettings = {
				ALWAYS_SEARCH_USER_PATHS = NO;
				CLANG_CXX_LANGUAGE_STANDARD = "gnu++0x";
				CLANG_CXX_LIBRARY = "libc++";
				CLANG_ENABLE_MODULES = YES;
				CLANG_ENABLE_OBJC_ARC = YES;
				CLANG_WARN_BOOL_CONVERSION = YES;
				CLANG_WARN_CONSTANT_CONVERSION = YES;
				CLANG_WARN_DIRECT_OBJC_ISA_USAGE = YES_ERROR;
				CLANG_WARN_EMPTY_BODY = YES;
				CLANG_WARN_ENUM_CONVERSION = YES;
				CLANG_WARN_INT_CONVERSION = YES;
				CLANG_WARN_OBJC_ROOT_CLASS = YES_ERROR;
				CLANG_WARN_UNREACHABLE_CODE = YES;
				CLANG_WARN__DUPLICATE_METHOD_MATCH = YES;
				"CODE_SIGN_IDENTITY[sdk=iphoneos*]" = "iPhone Developer";
				COPY_PHASE_STRIP = NO;
				ENABLE_STRICT_OBJC_MSGSEND = YES;
				GCC_C_LANGUAGE_STANDARD = gnu99;
				GCC_DYNAMIC_NO_PIC = NO;
				GCC_OPTIMIZATION_LEVEL = 0;
				GCC_PREPROCESSOR_DEFINITIONS = (
					"DEBUG=1",
					"$(inherited)",
				);
				GCC_SYMBOLS_PRIVATE_EXTERN = NO;
				GCC_WARN_64_TO_32_BIT_CONVERSION = YES;
				GCC_WARN_ABOUT_RETURN_TYPE = YES_ERROR;
				GCC_WARN_UNDECLARED_SELECTOR = YES;
				GCC_WARN_UNINITIALIZED_AUTOS = YES_AGGRESSIVE;
				GCC_WARN_UNUSED_FUNCTION = YES;
				GCC_WARN_UNUSED_VARIABLE = YES;
				IPHONEOS_DEPLOYMENT_TARGET = 8.0;
				MTL_ENABLE_DEBUG_INFO = YES;
				ONLY_ACTIVE_ARCH = YES;
				SDKROOT = iphoneos;
				SWIFT_OPTIMIZATION_LEVEL = "-Onone";
				TARGETED_DEVICE_FAMILY = "1,2";
			};
			name = Debug;
		};
		2BCB04B819C4F334002CBDB6 /* Release */ = {
			isa = XCBuildConfiguration;
			buildSettings = {
				ALWAYS_SEARCH_USER_PATHS = NO;
				CLANG_CXX_LANGUAGE_STANDARD = "gnu++0x";
				CLANG_CXX_LIBRARY = "libc++";
				CLANG_ENABLE_MODULES = YES;
				CLANG_ENABLE_OBJC_ARC = YES;
				CLANG_WARN_BOOL_CONVERSION = YES;
				CLANG_WARN_CONSTANT_CONVERSION = YES;
				CLANG_WARN_DIRECT_OBJC_ISA_USAGE = YES_ERROR;
				CLANG_WARN_EMPTY_BODY = YES;
				CLANG_WARN_ENUM_CONVERSION = YES;
				CLANG_WARN_INT_CONVERSION = YES;
				CLANG_WARN_OBJC_ROOT_CLASS = YES_ERROR;
				CLANG_WARN_UNREACHABLE_CODE = YES;
				CLANG_WARN__DUPLICATE_METHOD_MATCH = YES;
				"CODE_SIGN_IDENTITY[sdk=iphoneos*]" = "iPhone Developer";
				COPY_PHASE_STRIP = YES;
				ENABLE_NS_ASSERTIONS = NO;
				ENABLE_STRICT_OBJC_MSGSEND = YES;
				GCC_C_LANGUAGE_STANDARD = gnu99;
				GCC_WARN_64_TO_32_BIT_CONVERSION = YES;
				GCC_WARN_ABOUT_RETURN_TYPE = YES_ERROR;
				GCC_WARN_UNDECLARED_SELECTOR = YES;
				GCC_WARN_UNINITIALIZED_AUTOS = YES_AGGRESSIVE;
				GCC_WARN_UNUSED_FUNCTION = YES;
				GCC_WARN_UNUSED_VARIABLE = YES;
				IPHONEOS_DEPLOYMENT_TARGET = 8.0;
				MTL_ENABLE_DEBUG_INFO = NO;
				SDKROOT = iphoneos;
				TARGETED_DEVICE_FAMILY = "1,2";
				VALIDATE_PRODUCT = YES;
			};
			name = Release;
		};
		2BCB04BA19C4F334002CBDB6 /* Debug */ = {
			isa = XCBuildConfiguration;
			buildSettings = {
				ASSETCATALOG_COMPILER_APPICON_NAME = AppIcon;
				CLANG_ENABLE_MODULES = YES;
				FRAMEWORK_SEARCH_PATHS = (
					"$(inherited)",
					"$(PROJECT_DIR)",
				);
				INFOPLIST_FILE = "$(SRCROOT)/ExampleFiles/Info.plist";
				LD_RUNPATH_SEARCH_PATHS = "$(inherited) @executable_path/Frameworks";
				PRODUCT_NAME = LotLizard;
				SWIFT_OBJC_BRIDGING_HEADER = "Lizard-Bridging-Header.h";
				SWIFT_OPTIMIZATION_LEVEL = "-Onone";
			};
			name = Debug;
		};
		2BCB04BB19C4F334002CBDB6 /* Release */ = {
			isa = XCBuildConfiguration;
			buildSettings = {
				ASSETCATALOG_COMPILER_APPICON_NAME = AppIcon;
				CLANG_ENABLE_MODULES = YES;
				FRAMEWORK_SEARCH_PATHS = (
					"$(inherited)",
					"$(PROJECT_DIR)",
				);
				INFOPLIST_FILE = "$(SRCROOT)/ExampleFiles/Info.plist";
				LD_RUNPATH_SEARCH_PATHS = "$(inherited) @executable_path/Frameworks";
				PRODUCT_NAME = LotLizard;
			};
			name = Release;
		};
/* End XCBuildConfiguration section */

/* Begin XCConfigurationList section */
		2BCB049519C4F334002CBDB6 /* Build configuration list for PBXProject "LotLizard" */ = {
			isa = XCConfigurationList;
			buildConfigurations = (
				2BCB04B719C4F334002CBDB6 /* Debug */,
				2BCB04B819C4F334002CBDB6 /* Release */,
			);
			defaultConfigurationIsVisible = 0;
			defaultConfigurationName = Release;
		};
		2BCB04B919C4F334002CBDB6 /* Build configuration list for PBXNativeTarget "LotLizard" */ = {
			isa = XCConfigurationList;
			buildConfigurations = (
				2BCB04BA19C4F334002CBDB6 /* Debug */,
				2BCB04BB19C4F334002CBDB6 /* Release */,
			);
			defaultConfigurationIsVisible = 0;
			defaultConfigurationName = Release;
		};
/* End XCConfigurationList section */
	};
	rootObject = 2BCB049219C4F334002CBDB6 /* Project object */;
}
